Microsoft Visual Studio Solution File, Format Version 12.00
# Visual Studio 15
VisualStudioVersion = 15.0.26228.4
MinimumVisualStudioVersion = 10.0.40219.1
Project("{2150E333-8FDC-42A3-9474-1A3956D46DE8}") = "Solution Items", "Solution Items", "{A35718DE-D83B-40B4-9835-BF075A6A325F}"
	ProjectSection(SolutionItems) = preProject
		.editorconfig = .editorconfig
		.gitattributes = .gitattributes
		.gitignore = .gitignore
		.gitmodules = .gitmodules
		AllRules.ruleset = AllRules.ruleset
		Directory.Build.props = Directory.Build.props
		LICENSE = LICENSE
		README.md = README.md
	EndProjectSection
EndProject
Project("{2150E333-8FDC-42A3-9474-1A3956D46DE8}") = "src", "src", "{EA5FFE2C-B748-4FCF-8DCB-424F7FBAF0E2}"
EndProject
Project("{9A19103F-16F7-4668-BE54-9A1E7A4F7556}") = "THNETII.PubTrans.AvinorFlydata.Model", "src\THNETII.PubTrans.AvinorFlydata.Model\THNETII.PubTrans.AvinorFlydata.Model.csproj", "{B465860F-F725-4D7C-A74A-61CF45CB9BC5}"
EndProject
Project("{2150E333-8FDC-42A3-9474-1A3956D46DE8}") = "test", "test", "{5FB31F5F-E60F-4E7B-B14E-321324D94F9D}"
EndProject
Project("{9A19103F-16F7-4668-BE54-9A1E7A4F7556}") = "THNETII.PubTrans.Test", "test\THNETII.PubTrans.Test\THNETII.PubTrans.Test.csproj", "{4DD436BF-1B92-4368-B85A-BDDBA42F6CD0}"
EndProject
Project("{9A19103F-16F7-4668-BE54-9A1E7A4F7556}") = "THNETII.PubTrans.AvinorFlydata.Client", "src\THNETII.PubTrans.AvinorFlydata.Client\THNETII.PubTrans.AvinorFlydata.Client.csproj", "{B9E41FFA-DEF4-44BE-B44F-12C1CBCD7944}"
EndProject
Project("{9A19103F-16F7-4668-BE54-9A1E7A4F7556}") = "THNETII.PubTrans.AvinorFlydata.TjenesterClient", "src\THNETII.PubTrans.AvinorFlydata.TjenesterClient\THNETII.PubTrans.AvinorFlydata.TjenesterClient.csproj", "{EE05F4F3-5A6A-4A68-AF20-97B57F3A5D90}"
EndProject
Project("{2150E333-8FDC-42A3-9474-1A3956D46DE8}") = "dotnet-common", "dotnet-common", "{47FCF248-F1C6-4B74-96EC-BF4776E5CFAC}"
EndProject
Project("{2150E333-8FDC-42A3-9474-1A3956D46DE8}") = "src", "src", "{32520D45-87C2-40C2-9FBF-60ABD74A586E}"
EndProject
Project("{FAE04EC0-301F-11D3-BF4B-00C04F79EFBC}") = "THNETII.Common", "dotnet-common\src\THNETII.Common\THNETII.Common.csproj", "{FC7F4DD1-254E-4867-B09B-56A1D79A4CB5}"
EndProject
Project("{FAE04EC0-301F-11D3-BF4B-00C04F79EFBC}") = "THNETII.Common.Serialization", "dotnet-common\src\THNETII.Common.Serialization\THNETII.Common.Serialization.csproj", "{036C4331-4C9E-4694-9B17-5117364FBC74}"
EndProject
Project("{FAE04EC0-301F-11D3-BF4B-00C04F79EFBC}") = "THNETII.Networking.Http", "dotnet-common\src\THNETII.Networking.Http\THNETII.Networking.Http.csproj", "{221CF466-DD45-49CD-A62A-FA604D1605C3}"
EndProject
Project("{FAE04EC0-301F-11D3-BF4B-00C04F79EFBC}") = "THNETII.PubTrans.TravelMagic.Model", "src\THNETII.PubTrans.TravelMagic.Model\THNETII.PubTrans.TravelMagic.Model.csproj", "{B7C91D3B-F73E-4453-B069-DF760FA66CFD}"
EndProject
Global
	GlobalSection(SolutionConfigurationPlatforms) = preSolution
		Debug|Any CPU = Debug|Any CPU
		Debug|x64 = Debug|x64
		Debug|x86 = Debug|x86
		Release|Any CPU = Release|Any CPU
		Release|x64 = Release|x64
		Release|x86 = Release|x86
	EndGlobalSection
	GlobalSection(ProjectConfigurationPlatforms) = postSolution
		{B465860F-F725-4D7C-A74A-61CF45CB9BC5}.Debug|Any CPU.ActiveCfg = Debug|Any CPU
		{B465860F-F725-4D7C-A74A-61CF45CB9BC5}.Debug|Any CPU.Build.0 = Debug|Any CPU
		{B465860F-F725-4D7C-A74A-61CF45CB9BC5}.Debug|x64.ActiveCfg = Debug|Any CPU
		{B465860F-F725-4D7C-A74A-61CF45CB9BC5}.Debug|x64.Build.0 = Debug|Any CPU
		{B465860F-F725-4D7C-A74A-61CF45CB9BC5}.Debug|x86.ActiveCfg = Debug|Any CPU
		{B465860F-F725-4D7C-A74A-61CF45CB9BC5}.Debug|x86.Build.0 = Debug|Any CPU
		{B465860F-F725-4D7C-A74A-61CF45CB9BC5}.Release|Any CPU.ActiveCfg = Release|Any CPU
		{B465860F-F725-4D7C-A74A-61CF45CB9BC5}.Release|Any CPU.Build.0 = Release|Any CPU
		{B465860F-F725-4D7C-A74A-61CF45CB9BC5}.Release|x64.ActiveCfg = Release|Any CPU
		{B465860F-F725-4D7C-A74A-61CF45CB9BC5}.Release|x64.Build.0 = Release|Any CPU
		{B465860F-F725-4D7C-A74A-61CF45CB9BC5}.Release|x86.ActiveCfg = Release|Any CPU
		{B465860F-F725-4D7C-A74A-61CF45CB9BC5}.Release|x86.Build.0 = Release|Any CPU
		{4DD436BF-1B92-4368-B85A-BDDBA42F6CD0}.Debug|Any CPU.ActiveCfg = Debug|Any CPU
		{4DD436BF-1B92-4368-B85A-BDDBA42F6CD0}.Debug|Any CPU.Build.0 = Debug|Any CPU
		{4DD436BF-1B92-4368-B85A-BDDBA42F6CD0}.Debug|x64.ActiveCfg = Debug|Any CPU
		{4DD436BF-1B92-4368-B85A-BDDBA42F6CD0}.Debug|x64.Build.0 = Debug|Any CPU
		{4DD436BF-1B92-4368-B85A-BDDBA42F6CD0}.Debug|x86.ActiveCfg = Debug|Any CPU
		{4DD436BF-1B92-4368-B85A-BDDBA42F6CD0}.Debug|x86.Build.0 = Debug|Any CPU
		{4DD436BF-1B92-4368-B85A-BDDBA42F6CD0}.Release|Any CPU.ActiveCfg = Release|Any CPU
		{4DD436BF-1B92-4368-B85A-BDDBA42F6CD0}.Release|Any CPU.Build.0 = Release|Any CPU
		{4DD436BF-1B92-4368-B85A-BDDBA42F6CD0}.Release|x64.ActiveCfg = Release|Any CPU
		{4DD436BF-1B92-4368-B85A-BDDBA42F6CD0}.Release|x64.Build.0 = Release|Any CPU
		{4DD436BF-1B92-4368-B85A-BDDBA42F6CD0}.Release|x86.ActiveCfg = Release|Any CPU
		{4DD436BF-1B92-4368-B85A-BDDBA42F6CD0}.Release|x86.Build.0 = Release|Any CPU
		{B9E41FFA-DEF4-44BE-B44F-12C1CBCD7944}.Debug|Any CPU.ActiveCfg = Debug|Any CPU
		{B9E41FFA-DEF4-44BE-B44F-12C1CBCD7944}.Debug|Any CPU.Build.0 = Debug|Any CPU
		{B9E41FFA-DEF4-44BE-B44F-12C1CBCD7944}.Debug|x64.ActiveCfg = Debug|Any CPU
		{B9E41FFA-DEF4-44BE-B44F-12C1CBCD7944}.Debug|x64.Build.0 = Debug|Any CPU
		{B9E41FFA-DEF4-44BE-B44F-12C1CBCD7944}.Debug|x86.ActiveCfg = Debug|Any CPU
		{B9E41FFA-DEF4-44BE-B44F-12C1CBCD7944}.Debug|x86.Build.0 = Debug|Any CPU
		{B9E41FFA-DEF4-44BE-B44F-12C1CBCD7944}.Release|Any CPU.ActiveCfg = Release|Any CPU
		{B9E41FFA-DEF4-44BE-B44F-12C1CBCD7944}.Release|Any CPU.Build.0 = Release|Any CPU
		{B9E41FFA-DEF4-44BE-B44F-12C1CBCD7944}.Release|x64.ActiveCfg = Release|Any CPU
		{B9E41FFA-DEF4-44BE-B44F-12C1CBCD7944}.Release|x64.Build.0 = Release|Any CPU
		{B9E41FFA-DEF4-44BE-B44F-12C1CBCD7944}.Release|x86.ActiveCfg = Release|Any CPU
		{B9E41FFA-DEF4-44BE-B44F-12C1CBCD7944}.Release|x86.Build.0 = Release|Any CPU
		{EE05F4F3-5A6A-4A68-AF20-97B57F3A5D90}.Debug|Any CPU.ActiveCfg = Debug|Any CPU
		{EE05F4F3-5A6A-4A68-AF20-97B57F3A5D90}.Debug|Any CPU.Build.0 = Debug|Any CPU
		{EE05F4F3-5A6A-4A68-AF20-97B57F3A5D90}.Debug|x64.ActiveCfg = Debug|Any CPU
		{EE05F4F3-5A6A-4A68-AF20-97B57F3A5D90}.Debug|x64.Build.0 = Debug|Any CPU
		{EE05F4F3-5A6A-4A68-AF20-97B57F3A5D90}.Debug|x86.ActiveCfg = Debug|Any CPU
		{EE05F4F3-5A6A-4A68-AF20-97B57F3A5D90}.Debug|x86.Build.0 = Debug|Any CPU
		{EE05F4F3-5A6A-4A68-AF20-97B57F3A5D90}.Release|Any CPU.ActiveCfg = Release|Any CPU
		{EE05F4F3-5A6A-4A68-AF20-97B57F3A5D90}.Release|Any CPU.Build.0 = Release|Any CPU
		{EE05F4F3-5A6A-4A68-AF20-97B57F3A5D90}.Release|x64.ActiveCfg = Release|Any CPU
		{EE05F4F3-5A6A-4A68-AF20-97B57F3A5D90}.Release|x64.Build.0 = Release|Any CPU
		{EE05F4F3-5A6A-4A68-AF20-97B57F3A5D90}.Release|x86.ActiveCfg = Release|Any CPU
		{EE05F4F3-5A6A-4A68-AF20-97B57F3A5D90}.Release|x86.Build.0 = Release|Any CPU
		{FC7F4DD1-254E-4867-B09B-56A1D79A4CB5}.Debug|Any CPU.ActiveCfg = Debug|Any CPU
		{FC7F4DD1-254E-4867-B09B-56A1D79A4CB5}.Debug|Any CPU.Build.0 = Debug|Any CPU
		{FC7F4DD1-254E-4867-B09B-56A1D79A4CB5}.Debug|x64.ActiveCfg = Debug|Any CPU
		{FC7F4DD1-254E-4867-B09B-56A1D79A4CB5}.Debug|x64.Build.0 = Debug|Any CPU
		{FC7F4DD1-254E-4867-B09B-56A1D79A4CB5}.Debug|x86.ActiveCfg = Debug|Any CPU
		{FC7F4DD1-254E-4867-B09B-56A1D79A4CB5}.Debug|x86.Build.0 = Debug|Any CPU
		{FC7F4DD1-254E-4867-B09B-56A1D79A4CB5}.Release|Any CPU.ActiveCfg = Release|Any CPU
		{FC7F4DD1-254E-4867-B09B-56A1D79A4CB5}.Release|Any CPU.Build.0 = Release|Any CPU
		{FC7F4DD1-254E-4867-B09B-56A1D79A4CB5}.Release|x64.ActiveCfg = Release|Any CPU
		{FC7F4DD1-254E-4867-B09B-56A1D79A4CB5}.Release|x64.Build.0 = Release|Any CPU
		{FC7F4DD1-254E-4867-B09B-56A1D79A4CB5}.Release|x86.ActiveCfg = Release|Any CPU
		{FC7F4DD1-254E-4867-B09B-56A1D79A4CB5}.Release|x86.Build.0 = Release|Any CPU
		{036C4331-4C9E-4694-9B17-5117364FBC74}.Debug|Any CPU.ActiveCfg = Debug|Any CPU
		{036C4331-4C9E-4694-9B17-5117364FBC74}.Debug|Any CPU.Build.0 = Debug|Any CPU
		{036C4331-4C9E-4694-9B17-5117364FBC74}.Debug|x64.ActiveCfg = Debug|Any CPU
		{036C4331-4C9E-4694-9B17-5117364FBC74}.Debug|x64.Build.0 = Debug|Any CPU
		{036C4331-4C9E-4694-9B17-5117364FBC74}.Debug|x86.ActiveCfg = Debug|Any CPU
		{036C4331-4C9E-4694-9B17-5117364FBC74}.Debug|x86.Build.0 = Debug|Any CPU
		{036C4331-4C9E-4694-9B17-5117364FBC74}.Release|Any CPU.ActiveCfg = Release|Any CPU
		{036C4331-4C9E-4694-9B17-5117364FBC74}.Release|Any CPU.Build.0 = Release|Any CPU
		{036C4331-4C9E-4694-9B17-5117364FBC74}.Release|x64.ActiveCfg = Release|Any CPU
		{036C4331-4C9E-4694-9B17-5117364FBC74}.Release|x64.Build.0 = Release|Any CPU
		{036C4331-4C9E-4694-9B17-5117364FBC74}.Release|x86.ActiveCfg = Release|Any CPU
		{036C4331-4C9E-4694-9B17-5117364FBC74}.Release|x86.Build.0 = Release|Any CPU
		{221CF466-DD45-49CD-A62A-FA604D1605C3}.Debug|Any CPU.ActiveCfg = Debug|Any CPU
		{221CF466-DD45-49CD-A62A-FA604D1605C3}.Debug|Any CPU.Build.0 = Debug|Any CPU
		{221CF466-DD45-49CD-A62A-FA604D1605C3}.Debug|x64.ActiveCfg = Debug|Any CPU
		{221CF466-DD45-49CD-A62A-FA604D1605C3}.Debug|x64.Build.0 = Debug|Any CPU
		{221CF466-DD45-49CD-A62A-FA604D1605C3}.Debug|x86.ActiveCfg = Debug|Any CPU
		{221CF466-DD45-49CD-A62A-FA604D1605C3}.Debug|x86.Build.0 = Debug|Any CPU
		{221CF466-DD45-49CD-A62A-FA604D1605C3}.Release|Any CPU.ActiveCfg = Release|Any CPU
		{221CF466-DD45-49CD-A62A-FA604D1605C3}.Release|Any CPU.Build.0 = Release|Any CPU
		{221CF466-DD45-49CD-A62A-FA604D1605C3}.Release|x64.ActiveCfg = Release|Any CPU
		{221CF466-DD45-49CD-A62A-FA604D1605C3}.Release|x64.Build.0 = Release|Any CPU
		{221CF466-DD45-49CD-A62A-FA604D1605C3}.Release|x86.ActiveCfg = Release|Any CPU
		{221CF466-DD45-49CD-A62A-FA604D1605C3}.Release|x86.Build.0 = Release|Any CPU
		{B7C91D3B-F73E-4453-B069-DF760FA66CFD}.Debug|Any CPU.ActiveCfg = Debug|Any CPU
		{B7C91D3B-F73E-4453-B069-DF760FA66CFD}.Debug|Any CPU.Build.0 = Debug|Any CPU
		{B7C91D3B-F73E-4453-B069-DF760FA66CFD}.Debug|x64.ActiveCfg = Debug|Any CPU
		{B7C91D3B-F73E-4453-B069-DF760FA66CFD}.Debug|x64.Build.0 = Debug|Any CPU
		{B7C91D3B-F73E-4453-B069-DF760FA66CFD}.Debug|x86.ActiveCfg = Debug|Any CPU
		{B7C91D3B-F73E-4453-B069-DF760FA66CFD}.Debug|x86.Build.0 = Debug|Any CPU
		{B7C91D3B-F73E-4453-B069-DF760FA66CFD}.Release|Any CPU.ActiveCfg = Release|Any CPU
		{B7C91D3B-F73E-4453-B069-DF760FA66CFD}.Release|Any CPU.Build.0 = Release|Any CPU
		{B7C91D3B-F73E-4453-B069-DF760FA66CFD}.Release|x64.ActiveCfg = Release|Any CPU
		{B7C91D3B-F73E-4453-B069-DF760FA66CFD}.Release|x64.Build.0 = Release|Any CPU
		{B7C91D3B-F73E-4453-B069-DF760FA66CFD}.Release|x86.ActiveCfg = Release|Any CPU
		{B7C91D3B-F73E-4453-B069-DF760FA66CFD}.Release|x86.Build.0 = Release|Any CPU
	EndGlobalSection
	GlobalSection(SolutionProperties) = preSolution
		HideSolutionNode = FALSE
	EndGlobalSection
	GlobalSection(NestedProjects) = preSolution
		{B465860F-F725-4D7C-A74A-61CF45CB9BC5} = {EA5FFE2C-B748-4FCF-8DCB-424F7FBAF0E2}
		{4DD436BF-1B92-4368-B85A-BDDBA42F6CD0} = {5FB31F5F-E60F-4E7B-B14E-321324D94F9D}
		{B9E41FFA-DEF4-44BE-B44F-12C1CBCD7944} = {EA5FFE2C-B748-4FCF-8DCB-424F7FBAF0E2}
		{EE05F4F3-5A6A-4A68-AF20-97B57F3A5D90} = {EA5FFE2C-B748-4FCF-8DCB-424F7FBAF0E2}
		{32520D45-87C2-40C2-9FBF-60ABD74A586E} = {47FCF248-F1C6-4B74-96EC-BF4776E5CFAC}
		{FC7F4DD1-254E-4867-B09B-56A1D79A4CB5} = {32520D45-87C2-40C2-9FBF-60ABD74A586E}
		{036C4331-4C9E-4694-9B17-5117364FBC74} = {32520D45-87C2-40C2-9FBF-60ABD74A586E}
		{221CF466-DD45-49CD-A62A-FA604D1605C3} = {32520D45-87C2-40C2-9FBF-60ABD74A586E}
		{B7C91D3B-F73E-4453-B069-DF760FA66CFD} = {EA5FFE2C-B748-4FCF-8DCB-424F7FBAF0E2}
	EndGlobalSection
	GlobalSection(ExtensibilityGlobals) = postSolution
		SolutionGuid = {67DF3E8E-B2EB-4196-BF65-9A85B1F4A7E6}
	EndGlobalSection
EndGlobal
