Microsoft Visual Studio Solution File, Format Version 12.00
# Visual Studio 15
VisualStudioVersion = 15.0.26228.4
MinimumVisualStudioVersion = 10.0.40219.1
Project("{2150E333-8FDC-42A3-9474-1A3956D46DE8}") = "Solution Items", "Solution Items", "{A35718DE-D83B-40B4-9835-BF075A6A325F}"
	ProjectSection(SolutionItems) = preProject
		.editorconfig = .editorconfig
		.gitattributes = .gitattributes
		.gitignore = .gitignore
		.gitmodules = .gitmodules
		AllRules.ruleset = AllRules.ruleset
		Directory.Build.props = Directory.Build.props
		LICENSE = LICENSE
		README.md = README.md
	EndProjectSection
EndProject
Project("{2150E333-8FDC-42A3-9474-1A3956D46DE8}") = "src", "src", "{EA5FFE2C-B748-4FCF-8DCB-424F7FBAF0E2}"
EndProject
Project("{9A19103F-16F7-4668-BE54-9A1E7A4F7556}") = "THNETII.PubTrans.AvinorFlydata.Model", "src\THNETII.PubTrans.AvinorFlydata.Model\THNETII.PubTrans.AvinorFlydata.Model.csproj", "{B465860F-F725-4D7C-A74A-61CF45CB9BC5}"
EndProject
Project("{2150E333-8FDC-42A3-9474-1A3956D46DE8}") = "test", "test", "{5FB31F5F-E60F-4E7B-B14E-321324D94F9D}"
EndProject
Project("{9A19103F-16F7-4668-BE54-9A1E7A4F7556}") = "THNETII.PubTrans.Test", "test\THNETII.PubTrans.Test\THNETII.PubTrans.Test.csproj", "{4DD436BF-1B92-4368-B85A-BDDBA42F6CD0}"
EndProject
Project("{9A19103F-16F7-4668-BE54-9A1E7A4F7556}") = "THNETII.PubTrans.AvinorFlydata.Client", "src\THNETII.PubTrans.AvinorFlydata.Client\THNETII.PubTrans.AvinorFlydata.Client.csproj", "{B9E41FFA-DEF4-44BE-B44F-12C1CBCD7944}"
EndProject
Project("{9A19103F-16F7-4668-BE54-9A1E7A4F7556}") = "THNETII.PubTrans.AvinorFlydata.TjenesterClient", "src\THNETII.PubTrans.AvinorFlydata.TjenesterClient\THNETII.PubTrans.AvinorFlydata.TjenesterClient.csproj", "{EE05F4F3-5A6A-4A68-AF20-97B57F3A5D90}"
EndProject
Project("{2150E333-8FDC-42A3-9474-1A3956D46DE8}") = "thnetii-dotnet-common", "thnetii-dotnet-common", "{C9F4DD3E-360D-4974-8698-0B8B54DBD606}"
EndProject
Project("{2150E333-8FDC-42A3-9474-1A3956D46DE8}") = "src", "src", "{E59BEEBF-18E8-4EC9-AB61-500FB5831583}"
EndProject
Project("{FAE04EC0-301F-11D3-BF4B-00C04F79EFBC}") = "THNETII.Common", "thnetii-dotnet-common\src\THNETII.Common\THNETII.Common.csproj", "{5897F02F-736C-4565-9AD7-1011C8F7577C}"
EndProject
Project("{FAE04EC0-301F-11D3-BF4B-00C04F79EFBC}") = "THNETII.Common.Serialization", "thnetii-dotnet-common\src\THNETII.Common.Serialization\THNETII.Common.Serialization.csproj", "{97762795-EB2B-4B1C-ABE3-B23A8485AC9F}"
EndProject
Project("{FAE04EC0-301F-11D3-BF4B-00C04F79EFBC}") = "THNETII.Networking.Http", "thnetii-dotnet-common\src\THNETII.Networking.Http\THNETII.Networking.Http.csproj", "{B778A972-0049-458C-9239-54A1436D2673}"
EndProject
Global
	GlobalSection(SolutionConfigurationPlatforms) = preSolution
		Debug|Any CPU = Debug|Any CPU
		Debug|x64 = Debug|x64
		Debug|x86 = Debug|x86
		Release|Any CPU = Release|Any CPU
		Release|x64 = Release|x64
		Release|x86 = Release|x86
	EndGlobalSection
	GlobalSection(ProjectConfigurationPlatforms) = postSolution
		{B465860F-F725-4D7C-A74A-61CF45CB9BC5}.Debug|Any CPU.ActiveCfg = Debug|Any CPU
		{B465860F-F725-4D7C-A74A-61CF45CB9BC5}.Debug|Any CPU.Build.0 = Debug|Any CPU
		{B465860F-F725-4D7C-A74A-61CF45CB9BC5}.Debug|x64.ActiveCfg = Debug|Any CPU
		{B465860F-F725-4D7C-A74A-61CF45CB9BC5}.Debug|x64.Build.0 = Debug|Any CPU
		{B465860F-F725-4D7C-A74A-61CF45CB9BC5}.Debug|x86.ActiveCfg = Debug|Any CPU
		{B465860F-F725-4D7C-A74A-61CF45CB9BC5}.Debug|x86.Build.0 = Debug|Any CPU
		{B465860F-F725-4D7C-A74A-61CF45CB9BC5}.Release|Any CPU.ActiveCfg = Release|Any CPU
		{B465860F-F725-4D7C-A74A-61CF45CB9BC5}.Release|Any CPU.Build.0 = Release|Any CPU
		{B465860F-F725-4D7C-A74A-61CF45CB9BC5}.Release|x64.ActiveCfg = Release|Any CPU
		{B465860F-F725-4D7C-A74A-61CF45CB9BC5}.Release|x64.Build.0 = Release|Any CPU
		{B465860F-F725-4D7C-A74A-61CF45CB9BC5}.Release|x86.ActiveCfg = Release|Any CPU
		{B465860F-F725-4D7C-A74A-61CF45CB9BC5}.Release|x86.Build.0 = Release|Any CPU
		{4DD436BF-1B92-4368-B85A-BDDBA42F6CD0}.Debug|Any CPU.ActiveCfg = Debug|Any CPU
		{4DD436BF-1B92-4368-B85A-BDDBA42F6CD0}.Debug|Any CPU.Build.0 = Debug|Any CPU
		{4DD436BF-1B92-4368-B85A-BDDBA42F6CD0}.Debug|x64.ActiveCfg = Debug|Any CPU
		{4DD436BF-1B92-4368-B85A-BDDBA42F6CD0}.Debug|x64.Build.0 = Debug|Any CPU
		{4DD436BF-1B92-4368-B85A-BDDBA42F6CD0}.Debug|x86.ActiveCfg = Debug|Any CPU
		{4DD436BF-1B92-4368-B85A-BDDBA42F6CD0}.Debug|x86.Build.0 = Debug|Any CPU
		{4DD436BF-1B92-4368-B85A-BDDBA42F6CD0}.Release|Any CPU.ActiveCfg = Release|Any CPU
		{4DD436BF-1B92-4368-B85A-BDDBA42F6CD0}.Release|Any CPU.Build.0 = Release|Any CPU
		{4DD436BF-1B92-4368-B85A-BDDBA42F6CD0}.Release|x64.ActiveCfg = Release|Any CPU
		{4DD436BF-1B92-4368-B85A-BDDBA42F6CD0}.Release|x64.Build.0 = Release|Any CPU
		{4DD436BF-1B92-4368-B85A-BDDBA42F6CD0}.Release|x86.ActiveCfg = Release|Any CPU
		{4DD436BF-1B92-4368-B85A-BDDBA42F6CD0}.Release|x86.Build.0 = Release|Any CPU
		{B9E41FFA-DEF4-44BE-B44F-12C1CBCD7944}.Debug|Any CPU.ActiveCfg = Debug|Any CPU
		{B9E41FFA-DEF4-44BE-B44F-12C1CBCD7944}.Debug|Any CPU.Build.0 = Debug|Any CPU
		{B9E41FFA-DEF4-44BE-B44F-12C1CBCD7944}.Debug|x64.ActiveCfg = Debug|Any CPU
		{B9E41FFA-DEF4-44BE-B44F-12C1CBCD7944}.Debug|x64.Build.0 = Debug|Any CPU
		{B9E41FFA-DEF4-44BE-B44F-12C1CBCD7944}.Debug|x86.ActiveCfg = Debug|Any CPU
		{B9E41FFA-DEF4-44BE-B44F-12C1CBCD7944}.Debug|x86.Build.0 = Debug|Any CPU
		{B9E41FFA-DEF4-44BE-B44F-12C1CBCD7944}.Release|Any CPU.ActiveCfg = Release|Any CPU
		{B9E41FFA-DEF4-44BE-B44F-12C1CBCD7944}.Release|Any CPU.Build.0 = Release|Any CPU
		{B9E41FFA-DEF4-44BE-B44F-12C1CBCD7944}.Release|x64.ActiveCfg = Release|Any CPU
		{B9E41FFA-DEF4-44BE-B44F-12C1CBCD7944}.Release|x64.Build.0 = Release|Any CPU
		{B9E41FFA-DEF4-44BE-B44F-12C1CBCD7944}.Release|x86.ActiveCfg = Release|Any CPU
		{B9E41FFA-DEF4-44BE-B44F-12C1CBCD7944}.Release|x86.Build.0 = Release|Any CPU
		{EE05F4F3-5A6A-4A68-AF20-97B57F3A5D90}.Debug|Any CPU.ActiveCfg = Debug|Any CPU
		{EE05F4F3-5A6A-4A68-AF20-97B57F3A5D90}.Debug|Any CPU.Build.0 = Debug|Any CPU
		{EE05F4F3-5A6A-4A68-AF20-97B57F3A5D90}.Debug|x64.ActiveCfg = Debug|Any CPU
		{EE05F4F3-5A6A-4A68-AF20-97B57F3A5D90}.Debug|x64.Build.0 = Debug|Any CPU
		{EE05F4F3-5A6A-4A68-AF20-97B57F3A5D90}.Debug|x86.ActiveCfg = Debug|Any CPU
		{EE05F4F3-5A6A-4A68-AF20-97B57F3A5D90}.Debug|x86.Build.0 = Debug|Any CPU
		{EE05F4F3-5A6A-4A68-AF20-97B57F3A5D90}.Release|Any CPU.ActiveCfg = Release|Any CPU
		{EE05F4F3-5A6A-4A68-AF20-97B57F3A5D90}.Release|Any CPU.Build.0 = Release|Any CPU
		{EE05F4F3-5A6A-4A68-AF20-97B57F3A5D90}.Release|x64.ActiveCfg = Release|Any CPU
		{EE05F4F3-5A6A-4A68-AF20-97B57F3A5D90}.Release|x64.Build.0 = Release|Any CPU
		{EE05F4F3-5A6A-4A68-AF20-97B57F3A5D90}.Release|x86.ActiveCfg = Release|Any CPU
		{EE05F4F3-5A6A-4A68-AF20-97B57F3A5D90}.Release|x86.Build.0 = Release|Any CPU
		{5897F02F-736C-4565-9AD7-1011C8F7577C}.Debug|Any CPU.ActiveCfg = Debug|Any CPU
		{5897F02F-736C-4565-9AD7-1011C8F7577C}.Debug|Any CPU.Build.0 = Debug|Any CPU
		{5897F02F-736C-4565-9AD7-1011C8F7577C}.Debug|x64.ActiveCfg = Debug|Any CPU
		{5897F02F-736C-4565-9AD7-1011C8F7577C}.Debug|x64.Build.0 = Debug|Any CPU
		{5897F02F-736C-4565-9AD7-1011C8F7577C}.Debug|x86.ActiveCfg = Debug|Any CPU
		{5897F02F-736C-4565-9AD7-1011C8F7577C}.Debug|x86.Build.0 = Debug|Any CPU
		{5897F02F-736C-4565-9AD7-1011C8F7577C}.Release|Any CPU.ActiveCfg = Release|Any CPU
		{5897F02F-736C-4565-9AD7-1011C8F7577C}.Release|Any CPU.Build.0 = Release|Any CPU
		{5897F02F-736C-4565-9AD7-1011C8F7577C}.Release|x64.ActiveCfg = Release|Any CPU
		{5897F02F-736C-4565-9AD7-1011C8F7577C}.Release|x64.Build.0 = Release|Any CPU
		{5897F02F-736C-4565-9AD7-1011C8F7577C}.Release|x86.ActiveCfg = Release|Any CPU
		{5897F02F-736C-4565-9AD7-1011C8F7577C}.Release|x86.Build.0 = Release|Any CPU
		{97762795-EB2B-4B1C-ABE3-B23A8485AC9F}.Debug|Any CPU.ActiveCfg = Debug|Any CPU
		{97762795-EB2B-4B1C-ABE3-B23A8485AC9F}.Debug|Any CPU.Build.0 = Debug|Any CPU
		{97762795-EB2B-4B1C-ABE3-B23A8485AC9F}.Debug|x64.ActiveCfg = Debug|Any CPU
		{97762795-EB2B-4B1C-ABE3-B23A8485AC9F}.Debug|x64.Build.0 = Debug|Any CPU
		{97762795-EB2B-4B1C-ABE3-B23A8485AC9F}.Debug|x86.ActiveCfg = Debug|Any CPU
		{97762795-EB2B-4B1C-ABE3-B23A8485AC9F}.Debug|x86.Build.0 = Debug|Any CPU
		{97762795-EB2B-4B1C-ABE3-B23A8485AC9F}.Release|Any CPU.ActiveCfg = Release|Any CPU
		{97762795-EB2B-4B1C-ABE3-B23A8485AC9F}.Release|Any CPU.Build.0 = Release|Any CPU
		{97762795-EB2B-4B1C-ABE3-B23A8485AC9F}.Release|x64.ActiveCfg = Release|Any CPU
		{97762795-EB2B-4B1C-ABE3-B23A8485AC9F}.Release|x64.Build.0 = Release|Any CPU
		{97762795-EB2B-4B1C-ABE3-B23A8485AC9F}.Release|x86.ActiveCfg = Release|Any CPU
		{97762795-EB2B-4B1C-ABE3-B23A8485AC9F}.Release|x86.Build.0 = Release|Any CPU
		{B778A972-0049-458C-9239-54A1436D2673}.Debug|Any CPU.ActiveCfg = Debug|Any CPU
		{B778A972-0049-458C-9239-54A1436D2673}.Debug|Any CPU.Build.0 = Debug|Any CPU
		{B778A972-0049-458C-9239-54A1436D2673}.Debug|x64.ActiveCfg = Debug|Any CPU
		{B778A972-0049-458C-9239-54A1436D2673}.Debug|x64.Build.0 = Debug|Any CPU
		{B778A972-0049-458C-9239-54A1436D2673}.Debug|x86.ActiveCfg = Debug|Any CPU
		{B778A972-0049-458C-9239-54A1436D2673}.Debug|x86.Build.0 = Debug|Any CPU
		{B778A972-0049-458C-9239-54A1436D2673}.Release|Any CPU.ActiveCfg = Release|Any CPU
		{B778A972-0049-458C-9239-54A1436D2673}.Release|Any CPU.Build.0 = Release|Any CPU
		{B778A972-0049-458C-9239-54A1436D2673}.Release|x64.ActiveCfg = Release|Any CPU
		{B778A972-0049-458C-9239-54A1436D2673}.Release|x64.Build.0 = Release|Any CPU
		{B778A972-0049-458C-9239-54A1436D2673}.Release|x86.ActiveCfg = Release|Any CPU
		{B778A972-0049-458C-9239-54A1436D2673}.Release|x86.Build.0 = Release|Any CPU
	EndGlobalSection
	GlobalSection(SolutionProperties) = preSolution
		HideSolutionNode = FALSE
	EndGlobalSection
	GlobalSection(NestedProjects) = preSolution
		{B465860F-F725-4D7C-A74A-61CF45CB9BC5} = {EA5FFE2C-B748-4FCF-8DCB-424F7FBAF0E2}
		{4DD436BF-1B92-4368-B85A-BDDBA42F6CD0} = {5FB31F5F-E60F-4E7B-B14E-321324D94F9D}
		{B9E41FFA-DEF4-44BE-B44F-12C1CBCD7944} = {EA5FFE2C-B748-4FCF-8DCB-424F7FBAF0E2}
		{EE05F4F3-5A6A-4A68-AF20-97B57F3A5D90} = {EA5FFE2C-B748-4FCF-8DCB-424F7FBAF0E2}
		{E59BEEBF-18E8-4EC9-AB61-500FB5831583} = {C9F4DD3E-360D-4974-8698-0B8B54DBD606}
		{5897F02F-736C-4565-9AD7-1011C8F7577C} = {E59BEEBF-18E8-4EC9-AB61-500FB5831583}
		{97762795-EB2B-4B1C-ABE3-B23A8485AC9F} = {E59BEEBF-18E8-4EC9-AB61-500FB5831583}
		{B778A972-0049-458C-9239-54A1436D2673} = {E59BEEBF-18E8-4EC9-AB61-500FB5831583}
	EndGlobalSection
	GlobalSection(ExtensibilityGlobals) = postSolution
		SolutionGuid = {67DF3E8E-B2EB-4196-BF65-9A85B1F4A7E6}
	EndGlobalSection
EndGlobal
